
Microsoft Visual Studio Solution File, Format Version 12.00
# Visual Studio Version 17
VisualStudioVersion = 17.14.36603.0
MinimumVisualStudioVersion = 10.0.40219.1
Project("{FAE04EC0-301F-11D3-BF4B-00C04F79EFBC}") = "LinkedList", "LinkedList.csproj", "{94FB39F9-3D1A-53BD-3AC3-E6D7CE88AEE5}"
EndProject
Project("{FAE04EC0-301F-11D3-BF4B-00C04F79EFBC}") = "LinkedListUnitTests", "..\ListaTest\LinkedListUnitTests.csproj", "{4C2F0162-7EB5-EAD0-F6AE-08E15365F822}"
EndProject
Global
	GlobalSection(SolutionConfigurationPlatforms) = preSolution
		Debug|Any CPU = Debug|Any CPU
		Release|Any CPU = Release|Any CPU
	EndGlobalSection
	GlobalSection(ProjectConfigurationPlatforms) = postSolution
		{94FB39F9-3D1A-53BD-3AC3-E6D7CE88AEE5}.Debug|Any CPU.ActiveCfg = Debug|Any CPU
		{94FB39F9-3D1A-53BD-3AC3-E6D7CE88AEE5}.Debug|Any CPU.Build.0 = Debug|Any CPU
		{94FB39F9-3D1A-53BD-3AC3-E6D7CE88AEE5}.Release|Any CPU.ActiveCfg = Release|Any CPU
		{94FB39F9-3D1A-53BD-3AC3-E6D7CE88AEE5}.Release|Any CPU.Build.0 = Release|Any CPU
		{4C2F0162-7EB5-EAD0-F6AE-08E15365F822}.Debug|Any CPU.ActiveCfg = Debug|Any CPU
		{4C2F0162-7EB5-EAD0-F6AE-08E15365F822}.Debug|Any CPU.Build.0 = Debug|Any CPU
		{4C2F0162-7EB5-EAD0-F6AE-08E15365F822}.Release|Any CPU.ActiveCfg = Release|Any CPU
		{4C2F0162-7EB5-EAD0-F6AE-08E15365F822}.Release|Any CPU.Build.0 = Release|Any CPU
	EndGlobalSection
	GlobalSection(SolutionProperties) = preSolution
		HideSolutionNode = FALSE
	EndGlobalSection
	GlobalSection(ExtensibilityGlobals) = postSolution
		SolutionGuid = {8DA181E6-F3F5-47EC-81A3-F0A04F2AB908}
	EndGlobalSection
EndGlobal
