
Microsoft Visual Studio Solution File, Format Version 12.00
# Visual Studio Version 17
VisualStudioVersion = 17.14.36603.0
MinimumVisualStudioVersion = 10.0.40219.1
Project("{FAE04EC0-301F-11D3-BF4B-00C04F79EFBC}") = "LinkedList", "LinkedList.csproj", "{C2FDB317-FFD7-48CB-A9FC-C2693BC5478A}"
EndProject
Project("{FAE04EC0-301F-11D3-BF4B-00C04F79EFBC}") = "ListaTest", "..\ListaTest\ListaTest.csproj", "{6E638F92-1FAE-410E-B538-0E1830AEED9C}"
EndProject
Global
	GlobalSection(SolutionConfigurationPlatforms) = preSolution
		Debug|Any CPU = Debug|Any CPU
		Release|Any CPU = Release|Any CPU
	EndGlobalSection
	GlobalSection(ProjectConfigurationPlatforms) = postSolution
		{C2FDB317-FFD7-48CB-A9FC-C2693BC5478A}.Debug|Any CPU.ActiveCfg = Debug|Any CPU
		{C2FDB317-FFD7-48CB-A9FC-C2693BC5478A}.Debug|Any CPU.Build.0 = Debug|Any CPU
		{C2FDB317-FFD7-48CB-A9FC-C2693BC5478A}.Release|Any CPU.ActiveCfg = Release|Any CPU
		{C2FDB317-FFD7-48CB-A9FC-C2693BC5478A}.Release|Any CPU.Build.0 = Release|Any CPU
		{6E638F92-1FAE-410E-B538-0E1830AEED9C}.Debug|Any CPU.ActiveCfg = Debug|Any CPU
		{6E638F92-1FAE-410E-B538-0E1830AEED9C}.Debug|Any CPU.Build.0 = Debug|Any CPU
		{6E638F92-1FAE-410E-B538-0E1830AEED9C}.Release|Any CPU.ActiveCfg = Release|Any CPU
		{6E638F92-1FAE-410E-B538-0E1830AEED9C}.Release|Any CPU.Build.0 = Release|Any CPU
	EndGlobalSection
	GlobalSection(SolutionProperties) = preSolution
		HideSolutionNode = FALSE
	EndGlobalSection
	GlobalSection(ExtensibilityGlobals) = postSolution
		SolutionGuid = {8DA181E6-F3F5-47EC-81A3-F0A04F2AB908}
	EndGlobalSection
EndGlobal
